{
  "version": 4,
  "terraform_version": "0.12.9",
  "serial": 198,
  "lineage": "8842d84a-40db-1c6c-977d-5a68fcb02b0d",
  "outputs": {
    "kubeone_api": {
      "value": {
        "endpoint": "project-3-api-lb-86a1a6fa130fd5d5.elb.ca-central-1.amazonaws.com"
      },
      "type": [
        "object",
        {
          "endpoint": "string"
        }
      ]
    },
    "kubeone_hosts": {
      "value": {
        "control_plane": {
          "cloud_provider": "aws",
          "cluster_name": "project-3",
          "private_address": [
            "172.31.26.238",
            "172.31.12.186"
          ],
          "public_address": [
            "35.183.197.189",
            "35.182.87.186"
          ],
          "ssh_agent_socket": "env:SSH_AUTH_SOCK",
          "ssh_port": 22,
          "ssh_private_key_file": "",
          "ssh_user": "ubuntu"
        }
      },
      "type": [
        "object",
        {
          "control_plane": [
            "object",
            {
              "cloud_provider": "string",
              "cluster_name": "string",
              "private_address": [
                "tuple",
                [
                  "string",
                  "string"
                ]
              ],
              "public_address": [
                "tuple",
                [
                  "string",
                  "string"
                ]
              ],
              "ssh_agent_socket": "string",
              "ssh_port": "number",
              "ssh_private_key_file": "string",
              "ssh_user": "string"
            }
          ]
        }
      ]
    },
    "kubeone_workers": {
      "value": {
        "project-3-pool1": {
          "providerSpec": {
            "cloudProviderSpec": {
              "ami": "ami-0dbe45195223e250b",
              "availabilityZone": "ca-central-1a",
              "diskIops": 500,
              "diskSize": 50,
              "diskType": "gp2",
              "instanceProfile": "project-3-host",
              "instanceType": "t3.medium",
              "region": "ca-central-1",
              "securityGroupIDs": [
                "sg-064cc5bd8bde7c0d4"
              ],
              "subnetId": "subnet-8984e1e1",
              "tags": {
                "project-3-workers": "pool1"
              },
              "vpcId": "vpc-7f730417"
            },
            "operatingSystem": "ubuntu",
            "operatingSystemSpec": {
              "distUpgradeOnBoot": false
            },
            "sshPublicKeys": [
              "ssh-rsa AAAAB3NzaC1yc2EAAAADAQABAAABAQCzx7LHZNxfQjMk4OepFqYT6sLDyO8FZbQg4LM2V7Or3S3qTcrJlV+uLIR40ij6rsCKmEhbTGKq+u5z71BCSO56/63RdcAtR2AQEBL/jyybYkUXhJoYXP5zukqVX3eMPVjxASAVZDvdBq4OSFRaKO3byTGybj2uCsifeChVg5QD9onTULGF5KK/YFKrVDmTO+C30XxqWZ3dn4q1V461TzEE0RFYDmsyy3rZ3/QtJ0hdezHtJUC2azjmwmdWWXmxw8e5i2QjKtL64k35a/kQdlqOldWyHAuC67YPvJ7EaNCbDfbb969OUeircl/p8ECz3EXQbgz5LQ4pRJn/7xlP3AHt"
            ]
          },
          "replicas": 1
        }
      },
      "type": [
        "object",
        {
          "project-3-pool1": [
            "object",
            {
              "providerSpec": [
                "object",
                {
                  "cloudProviderSpec": [
                    "object",
                    {
                      "ami": "string",
                      "availabilityZone": "string",
                      "diskIops": "number",
                      "diskSize": "number",
                      "diskType": "string",
                      "instanceProfile": "string",
                      "instanceType": "string",
                      "region": "string",
                      "securityGroupIDs": [
                        "tuple",
                        [
                          "string"
                        ]
                      ],
                      "subnetId": "string",
                      "tags": [
                        "object",
                        {
                          "project-3-workers": "string"
                        }
                      ],
                      "vpcId": "string"
                    }
                  ],
                  "operatingSystem": "string",
                  "operatingSystemSpec": [
                    "object",
                    {
                      "distUpgradeOnBoot": "bool"
                    }
                  ],
                  "sshPublicKeys": [
                    "tuple",
                    [
                      "string"
                    ]
                  ]
                }
              ],
              "replicas": "number"
            }
          ]
        }
      ]
    }
  },
  "resources": [
    {
      "mode": "data",
      "type": "aws_ami",
      "name": "ubuntu",
      "provider": "provider.aws",
      "instances": [
        {
          "schema_version": 0,
          "attributes": {
            "architecture": "x86_64",
            "block_device_mappings": [
              {
                "device_name": "/dev/sda1",
                "ebs": {
                  "delete_on_termination": "true",
                  "encrypted": "false",
                  "iops": "0",
                  "snapshot_id": "snap-06dd6e12486e6b1a7",
                  "volume_size": "8",
                  "volume_type": "gp2"
                },
                "no_device": "",
                "virtual_name": ""
              },
              {
                "device_name": "/dev/sdb",
                "ebs": {},
                "no_device": "",
                "virtual_name": "ephemeral0"
              },
              {
                "device_name": "/dev/sdc",
                "ebs": {},
                "no_device": "",
                "virtual_name": "ephemeral1"
              }
            ],
            "creation_date": "2019-10-21T22:21:35.000Z",
            "description": "Canonical, Ubuntu, 18.04 LTS, amd64 bionic image build on 2019-10-21",
            "executable_users": null,
            "filter": [
              {
                "name": "name",
                "values": [
                  "ubuntu/images/hvm-ssd/ubuntu-bionic-18.04-amd64-server-*"
                ]
              },
              {
                "name": "virtualization-type",
                "values": [
                  "hvm"
                ]
              }
            ],
            "hypervisor": "xen",
            "id": "ami-0dbe45195223e250b",
            "image_id": "ami-0dbe45195223e250b",
            "image_location": "099720109477/ubuntu/images/hvm-ssd/ubuntu-bionic-18.04-amd64-server-20191021",
            "image_owner_alias": null,
            "image_type": "machine",
            "kernel_id": null,
            "most_recent": true,
            "name": "ubuntu/images/hvm-ssd/ubuntu-bionic-18.04-amd64-server-20191021",
            "name_regex": null,
            "owner_id": "099720109477",
            "owners": [
              "099720109477"
            ],
            "platform": null,
            "product_codes": [],
            "public": true,
            "ramdisk_id": null,
            "root_device_name": "/dev/sda1",
            "root_device_type": "ebs",
            "root_snapshot_id": "snap-06dd6e12486e6b1a7",
            "sriov_net_support": "simple",
            "state": "available",
            "state_reason": {
              "code": "UNSET",
              "message": "UNSET"
            },
            "tags": {},
            "virtualization_type": "hvm"
          }
        }
      ]
    },
    {
      "mode": "data",
      "type": "aws_availability_zones",
      "name": "available",
      "provider": "provider.aws",
      "instances": [
        {
          "schema_version": 0,
          "attributes": {
            "blacklisted_names": null,
            "blacklisted_zone_ids": null,
            "id": "2019-11-06 18:42:06.313038 +0000 UTC",
            "names": [
              "ca-central-1a",
              "ca-central-1b"
            ],
            "state": null,
            "zone_ids": [
              "cac1-az1",
              "cac1-az2"
            ]
          }
        }
      ]
    },
    {
      "mode": "data",
      "type": "aws_subnet",
      "name": "az_a",
      "provider": "provider.aws",
      "instances": [
        {
          "schema_version": 0,
          "attributes": {
            "arn": "arn:aws:ec2:ca-central-1:172607079965:subnet/subnet-8984e1e1",
            "assign_ipv6_address_on_creation": false,
            "availability_zone": "ca-central-1a",
            "availability_zone_id": "cac1-az1",
            "cidr_block": "172.31.16.0/20",
            "default_for_az": true,
            "filter": null,
            "id": "subnet-8984e1e1",
            "ipv6_cidr_block": null,
            "ipv6_cidr_block_association_id": null,
            "map_public_ip_on_launch": true,
            "owner_id": "172607079965",
            "state": "available",
            "tags": {},
            "vpc_id": "vpc-7f730417"
          }
        }
      ]
    },
    {
      "mode": "data",
      "type": "aws_subnet",
      "name": "az_b",
      "provider": "provider.aws",
      "instances": [
        {
          "schema_version": 0,
          "attributes": {
            "arn": "arn:aws:ec2:ca-central-1:172607079965:subnet/subnet-50d3622a",
            "assign_ipv6_address_on_creation": false,
            "availability_zone": "ca-central-1b",
            "availability_zone_id": "cac1-az2",
            "cidr_block": "172.31.0.0/20",
            "default_for_az": true,
            "filter": null,
            "id": "subnet-50d3622a",
            "ipv6_cidr_block": null,
            "ipv6_cidr_block_association_id": null,
            "map_public_ip_on_launch": true,
            "owner_id": "172607079965",
            "state": "available",
            "tags": {},
            "vpc_id": "vpc-7f730417"
          }
        }
      ]
    },
    {
      "mode": "data",
      "type": "aws_subnet_ids",
      "name": "default",
      "provider": "provider.aws",
      "instances": [
        {
          "schema_version": 0,
          "attributes": {
            "filter": null,
            "id": "vpc-7f730417",
            "ids": [
              "subnet-50d3622a",
              "subnet-8984e1e1"
            ],
            "tags": null,
            "vpc_id": "vpc-7f730417"
          }
        }
      ]
    },
    {
      "mode": "managed",
      "type": "aws_default_vpc",
      "name": "default",
      "provider": "provider.aws",
      "instances": [
        {
          "schema_version": 1,
          "attributes": {
            "arn": "arn:aws:ec2:ca-central-1:172607079965:vpc/vpc-7f730417",
            "assign_generated_ipv6_cidr_block": false,
            "cidr_block": "172.31.0.0/16",
            "default_network_acl_id": "acl-897225e1",
            "default_route_table_id": "rtb-d16d4eb9",
            "default_security_group_id": "sg-1e336472",
            "dhcp_options_id": "dopt-e1b8f789",
            "enable_classiclink": null,
            "enable_classiclink_dns_support": null,
            "enable_dns_hostnames": true,
            "enable_dns_support": true,
            "id": "vpc-7f730417",
            "instance_tenancy": "default",
            "ipv6_association_id": "",
            "ipv6_cidr_block": "",
            "main_route_table_id": "rtb-d16d4eb9",
            "owner_id": "172607079965",
            "tags": {}
          },
          "private": "eyJzY2hlbWFfdmVyc2lvbiI6IjEifQ=="
        }
      ]
    },
    {
      "mode": "managed",
      "type": "aws_iam_instance_profile",
      "name": "profile",
      "provider": "provider.aws",
      "instances": [
        {
          "schema_version": 0,
          "attributes": {
            "arn": "arn:aws:iam::172607079965:instance-profile/project-3-host",
            "create_date": "2019-10-31T21:29:21Z",
            "id": "project-3-host",
            "name": "project-3-host",
            "name_prefix": null,
            "path": "/",
            "role": "project-3-host",
            "roles": [
              "project-3-host"
            ],
            "unique_id": "AIPASQMBPAYOZKNB3TFEJ"
          },
          "private": "bnVsbA==",
          "depends_on": [
            "aws_iam_role.role"
          ]
        }
      ]
    },
    {
      "mode": "managed",
      "type": "aws_iam_role",
      "name": "role",
      "provider": "provider.aws",
      "instances": [
        {
          "schema_version": 0,
          "attributes": {
            "arn": "arn:aws:iam::172607079965:role/project-3-host",
            "assume_role_policy": "{\"Version\":\"2012-10-17\",\"Statement\":[{\"Sid\":\"\",\"Effect\":\"Allow\",\"Principal\":{\"Service\":\"ec2.amazonaws.com\"},\"Action\":\"sts:AssumeRole\"}]}",
            "create_date": "2019-10-31T21:29:20Z",
            "description": "",
            "force_detach_policies": false,
            "id": "project-3-host",
            "max_session_duration": 3600,
            "name": "project-3-host",
            "name_prefix": null,
            "path": "/",
            "permissions_boundary": null,
            "tags": {},
            "unique_id": "AROASQMBPAYOTYVNLZVPY"
          },
          "private": "bnVsbA=="
        }
      ]
    },
    {
      "mode": "managed",
      "type": "aws_iam_role_policy",
      "name": "policy",
      "provider": "provider.aws",
      "instances": [
        {
          "schema_version": 0,
          "attributes": {
            "id": "project-3-host:project-3-host",
            "name": "project-3-host",
            "name_prefix": null,
            "policy": "{\n  \"Version\": \"2012-10-17\",\n  \"Statement\": [\n    {\n      \"Effect\": \"Allow\",\n      \"Action\": [\"ec2:*\"],\n      \"Resource\": [\"*\"]\n    },\n    {\n      \"Effect\": \"Allow\",\n      \"Action\": [\"elasticloadbalancing:*\"],\n      \"Resource\": [\"*\"]\n    }\n  ]\n}\n",
            "role": "project-3-host"
          },
          "private": "bnVsbA==",
          "depends_on": [
            "aws_iam_role.role"
          ]
        }
      ]
    },
    {
      "mode": "managed",
      "type": "aws_instance",
      "name": "control_plane",
      "each": "list",
      "provider": "provider.aws",
      "instances": [
        {
          "index_key": 0,
          "schema_version": 1,
          "attributes": {
            "ami": "ami-0dbe45195223e250b",
            "arn": "arn:aws:ec2:ca-central-1:172607079965:instance/i-06b85b81a39cfbea5",
            "associate_public_ip_address": true,
            "availability_zone": "ca-central-1a",
            "cpu_core_count": 1,
            "cpu_threads_per_core": 2,
            "credit_specification": [
              {
                "cpu_credits": "unlimited"
              }
            ],
            "disable_api_termination": false,
            "ebs_block_device": [],
            "ebs_optimized": true,
            "ephemeral_block_device": [],
            "get_password_data": false,
            "host_id": null,
            "iam_instance_profile": "project-3-host",
            "id": "i-06b85b81a39cfbea5",
            "instance_initiated_shutdown_behavior": null,
            "instance_state": "running",
            "instance_type": "t3.medium",
            "ipv6_address_count": 0,
            "ipv6_addresses": [],
            "key_name": "microservices-pair",
            "monitoring": false,
            "network_interface": [],
            "network_interface_id": null,
            "password_data": "",
            "placement_group": "",
            "primary_network_interface_id": "eni-0d326cc911ad208a8",
            "private_dns": "ip-172-31-26-238.ca-central-1.compute.internal",
            "private_ip": "172.31.26.238",
            "public_dns": "ec2-35-183-197-189.ca-central-1.compute.amazonaws.com",
            "public_ip": "35.183.197.189",
            "root_block_device": [
              {
                "delete_on_termination": true,
                "encrypted": false,
                "iops": 300,
                "kms_key_id": "",
                "volume_id": "vol-04a4c66c26c5b588f",
                "volume_size": 100,
                "volume_type": "gp2"
              }
            ],
            "security_groups": [
              "project-3-common",
              "project-3-control_planes"
            ],
            "source_dest_check": true,
            "subnet_id": "subnet-8984e1e1",
            "tags": {
              "Name": "project-3-control_plane-1",
              "kubernetes.io/cluster/project-3": "shared"
            },
            "tenancy": "default",
            "timeouts": null,
            "user_data": null,
            "user_data_base64": null,
            "volume_tags": {},
            "vpc_security_group_ids": [
              "sg-02e7def3ad1112df0",
              "sg-064cc5bd8bde7c0d4"
            ]
          },
          "private": "eyJlMmJmYjczMC1lY2FhLTExZTYtOGY4OC0zNDM2M2JjN2M0YzAiOnsiY3JlYXRlIjo2MDAwMDAwMDAwMDAsImRlbGV0ZSI6MTIwMDAwMDAwMDAwMCwidXBkYXRlIjo2MDAwMDAwMDAwMDB9LCJzY2hlbWFfdmVyc2lvbiI6IjEifQ==",
          "depends_on": [
            "aws_iam_instance_profile.profile",
            "aws_key_pair.deployer",
            "aws_security_group.common",
            "aws_security_group.control_plane",
            "data.aws_availability_zones.available"
          ]
        },
        {
          "index_key": 1,
          "schema_version": 1,
          "attributes": {
            "ami": "ami-0dbe45195223e250b",
            "arn": "arn:aws:ec2:ca-central-1:172607079965:instance/i-0e2febd6cb62d90fd",
            "associate_public_ip_address": true,
            "availability_zone": "ca-central-1b",
            "cpu_core_count": 1,
            "cpu_threads_per_core": 2,
            "credit_specification": [
              {
                "cpu_credits": "unlimited"
              }
            ],
            "disable_api_termination": false,
            "ebs_block_device": [],
            "ebs_optimized": true,
            "ephemeral_block_device": [],
            "get_password_data": false,
            "host_id": null,
            "iam_instance_profile": "project-3-host",
            "id": "i-0e2febd6cb62d90fd",
            "instance_initiated_shutdown_behavior": null,
            "instance_state": "running",
            "instance_type": "t3.medium",
            "ipv6_address_count": 0,
            "ipv6_addresses": [],
            "key_name": "microservices-pair",
            "monitoring": false,
            "network_interface": [],
            "network_interface_id": null,
            "password_data": "",
            "placement_group": "",
            "primary_network_interface_id": "eni-0459cc60b21017784",
            "private_dns": "ip-172-31-12-186.ca-central-1.compute.internal",
            "private_ip": "172.31.12.186",
            "public_dns": "ec2-35-182-87-186.ca-central-1.compute.amazonaws.com",
            "public_ip": "35.182.87.186",
            "root_block_device": [
              {
                "delete_on_termination": true,
                "encrypted": false,
                "iops": 300,
                "kms_key_id": "",
                "volume_id": "vol-08a4578732227c030",
                "volume_size": 100,
                "volume_type": "gp2"
              }
            ],
            "security_groups": [
              "project-3-common",
              "project-3-control_planes"
            ],
            "source_dest_check": true,
            "subnet_id": "subnet-50d3622a",
            "tags": {
              "Name": "project-3-control_plane-2",
              "kubernetes.io/cluster/project-3": "shared"
            },
            "tenancy": "default",
            "timeouts": null,
            "user_data": null,
            "user_data_base64": null,
            "volume_tags": {},
            "vpc_security_group_ids": [
              "sg-02e7def3ad1112df0",
              "sg-064cc5bd8bde7c0d4"
            ]
          },
          "private": "eyJlMmJmYjczMC1lY2FhLTExZTYtOGY4OC0zNDM2M2JjN2M0YzAiOnsiY3JlYXRlIjo2MDAwMDAwMDAwMDAsImRlbGV0ZSI6MTIwMDAwMDAwMDAwMCwidXBkYXRlIjo2MDAwMDAwMDAwMDB9LCJzY2hlbWFfdmVyc2lvbiI6IjEifQ==",
          "depends_on": [
            "aws_iam_instance_profile.profile",
            "aws_key_pair.deployer",
            "aws_security_group.common",
            "aws_security_group.control_plane",
            "data.aws_availability_zones.available"
          ]
        }
      ]
    },
    {
      "mode": "managed",
      "type": "aws_key_pair",
      "name": "deployer",
      "provider": "provider.aws",
      "instances": [
        {
          "schema_version": 1,
          "attributes": {
            "fingerprint": "1a:60:a1:28:6b:e1:29:84:29:95:7a:de:ca:3b:05:55",
            "id": "microservices-pair",
            "key_name": "microservices-pair",
            "key_name_prefix": null,
            "public_key": "ssh-rsa AAAAB3NzaC1yc2EAAAADAQABAAABAQCzx7LHZNxfQjMk4OepFqYT6sLDyO8FZbQg4LM2V7Or3S3qTcrJlV+uLIR40ij6rsCKmEhbTGKq+u5z71BCSO56/63RdcAtR2AQEBL/jyybYkUXhJoYXP5zukqVX3eMPVjxASAVZDvdBq4OSFRaKO3byTGybj2uCsifeChVg5QD9onTULGF5KK/YFKrVDmTO+C30XxqWZ3dn4q1V461TzEE0RFYDmsyy3rZ3/QtJ0hdezHtJUC2azjmwmdWWXmxw8e5i2QjKtL64k35a/kQdlqOldWyHAuC67YPvJ7EaNCbDfbb969OUeircl/p8ECz3EXQbgz5LQ4pRJn/7xlP3AHt"
          },
          "private": "eyJzY2hlbWFfdmVyc2lvbiI6IjEifQ=="
        }
      ]
    },
    {
      "mode": "managed",
      "type": "aws_lb",
      "name": "control_plane",
      "provider": "provider.aws",
      "instances": [
        {
          "schema_version": 0,
          "attributes": {
            "access_logs": [
              {
                "bucket": "",
                "enabled": false,
                "prefix": ""
              }
            ],
            "arn": "arn:aws:elasticloadbalancing:ca-central-1:172607079965:loadbalancer/net/project-3-api-lb/86a1a6fa130fd5d5",
            "arn_suffix": "net/project-3-api-lb/86a1a6fa130fd5d5",
            "dns_name": "project-3-api-lb-86a1a6fa130fd5d5.elb.ca-central-1.amazonaws.com",
            "enable_cross_zone_load_balancing": false,
            "enable_deletion_protection": false,
            "enable_http2": null,
            "id": "arn:aws:elasticloadbalancing:ca-central-1:172607079965:loadbalancer/net/project-3-api-lb/86a1a6fa130fd5d5",
            "idle_timeout": null,
            "internal": false,
            "ip_address_type": "ipv4",
            "load_balancer_type": "network",
            "name": "project-3-api-lb",
            "name_prefix": null,
            "security_groups": [],
            "subnet_mapping": [
              {
                "allocation_id": "",
                "subnet_id": "subnet-50d3622a"
              },
              {
                "allocation_id": "",
                "subnet_id": "subnet-8984e1e1"
              }
            ],
            "subnets": [
              "subnet-50d3622a",
              "subnet-8984e1e1"
            ],
            "tags": {
              "Cluster": "project-3",
              "kubernetes.io/cluster/project-3": "shared"
            },
            "timeouts": null,
            "vpc_id": "vpc-7f730417",
            "zone_id": "Z2EPGBW3API2WT"
          },
          "private": "eyJlMmJmYjczMC1lY2FhLTExZTYtOGY4OC0zNDM2M2JjN2M0YzAiOnsiY3JlYXRlIjo2MDAwMDAwMDAwMDAsImRlbGV0ZSI6NjAwMDAwMDAwMDAwLCJ1cGRhdGUiOjYwMDAwMDAwMDAwMH19"
        }
      ]
    },
    {
      "mode": "managed",
      "type": "aws_lb_listener",
      "name": "control_plane_api",
      "provider": "provider.aws",
      "instances": [
        {
          "schema_version": 0,
          "attributes": {
            "arn": "arn:aws:elasticloadbalancing:ca-central-1:172607079965:listener/net/project-3-api-lb/86a1a6fa130fd5d5/f68e72355b901b0b",
            "certificate_arn": null,
            "default_action": [
              {
                "authenticate_cognito": [],
                "authenticate_oidc": [],
                "fixed_response": [],
                "order": 1,
                "redirect": [],
                "target_group_arn": "arn:aws:elasticloadbalancing:ca-central-1:172607079965:targetgroup/project-3-api/6bf714c8b33250d1",
                "type": "forward"
              }
            ],
            "id": "arn:aws:elasticloadbalancing:ca-central-1:172607079965:listener/net/project-3-api-lb/86a1a6fa130fd5d5/f68e72355b901b0b",
            "load_balancer_arn": "arn:aws:elasticloadbalancing:ca-central-1:172607079965:loadbalancer/net/project-3-api-lb/86a1a6fa130fd5d5",
            "port": 6443,
            "protocol": "TCP",
            "ssl_policy": "",
            "timeouts": null
          },
          "private": "eyJlMmJmYjczMC1lY2FhLTExZTYtOGY4OC0zNDM2M2JjN2M0YzAiOnsicmVhZCI6NjAwMDAwMDAwMDAwfX0=",
          "depends_on": [
            "aws_lb.control_plane",
            "aws_lb_target_group.control_plane_api"
          ]
        }
      ]
    },
    {
      "mode": "managed",
      "type": "aws_lb_target_group",
      "name": "control_plane_api",
      "provider": "provider.aws",
      "instances": [
        {
          "schema_version": 0,
          "attributes": {
            "arn": "arn:aws:elasticloadbalancing:ca-central-1:172607079965:targetgroup/project-3-api/6bf714c8b33250d1",
            "arn_suffix": "targetgroup/project-3-api/6bf714c8b33250d1",
            "deregistration_delay": 300,
            "health_check": [
              {
                "enabled": true,
                "healthy_threshold": 3,
                "interval": 30,
                "matcher": "",
                "path": "",
                "port": "traffic-port",
                "protocol": "TCP",
                "timeout": 10,
                "unhealthy_threshold": 3
              }
            ],
            "id": "arn:aws:elasticloadbalancing:ca-central-1:172607079965:targetgroup/project-3-api/6bf714c8b33250d1",
            "lambda_multi_value_headers_enabled": false,
            "name": "project-3-api",
            "name_prefix": null,
            "port": 6443,
            "protocol": "TCP",
            "proxy_protocol_v2": false,
            "slow_start": 0,
            "stickiness": [],
            "tags": {},
            "target_type": "instance",
            "vpc_id": "vpc-7f730417"
          },
          "private": "bnVsbA=="
        }
      ]
    },
    {
      "mode": "managed",
      "type": "aws_lb_target_group_attachment",
      "name": "control_plane_api",
      "each": "list",
      "provider": "provider.aws",
      "instances": [
        {
          "index_key": 0,
          "schema_version": 0,
          "attributes": {
            "availability_zone": null,
            "id": "arn:aws:elasticloadbalancing:ca-central-1:172607079965:targetgroup/project-3-api/6bf714c8b33250d1-20191106181807778600000002",
            "port": 6443,
            "target_group_arn": "arn:aws:elasticloadbalancing:ca-central-1:172607079965:targetgroup/project-3-api/6bf714c8b33250d1",
            "target_id": "i-06b85b81a39cfbea5"
          },
          "private": "bnVsbA==",
          "depends_on": [
            "aws_instance.control_plane",
            "aws_lb_target_group.control_plane_api"
          ]
        },
        {
          "index_key": 1,
          "schema_version": 0,
          "attributes": {
            "availability_zone": null,
            "id": "arn:aws:elasticloadbalancing:ca-central-1:172607079965:targetgroup/project-3-api/6bf714c8b33250d1-20191106181807730100000001",
            "port": 6443,
            "target_group_arn": "arn:aws:elasticloadbalancing:ca-central-1:172607079965:targetgroup/project-3-api/6bf714c8b33250d1",
            "target_id": "i-0e2febd6cb62d90fd"
          },
          "private": "bnVsbA==",
          "depends_on": [
            "aws_instance.control_plane",
            "aws_lb_target_group.control_plane_api"
          ]
        },
        {
          "index_key": 2,
          "schema_version": 0,
          "attributes": {
            "availability_zone": null,
            "id": "arn:aws:elasticloadbalancing:ca-central-1:172607079965:targetgroup/project-3-api/6bf714c8b33250d1-20191106181807993600000003",
            "port": 6443,
            "target_group_arn": "arn:aws:elasticloadbalancing:ca-central-1:172607079965:targetgroup/project-3-api/6bf714c8b33250d1",
            "target_id": "i-06b85b81a39cfbea5"
          },
          "private": "bnVsbA==",
          "depends_on": [
            "aws_instance.control_plane",
            "aws_lb_target_group.control_plane_api"
          ]
        }
      ]
    },
    {
      "mode": "managed",
      "type": "aws_security_group",
      "name": "common",
      "provider": "provider.aws",
      "instances": [
        {
          "schema_version": 1,
          "attributes": {
            "arn": "arn:aws:ec2:ca-central-1:172607079965:security-group/sg-064cc5bd8bde7c0d4",
            "description": "cluster common rules",
            "egress": [
              {
                "cidr_blocks": [
                  "0.0.0.0/0"
                ],
                "description": "",
                "from_port": 0,
                "ipv6_cidr_blocks": [],
                "prefix_list_ids": [],
                "protocol": "-1",
                "security_groups": [],
                "self": false,
                "to_port": 0
              }
            ],
            "id": "sg-064cc5bd8bde7c0d4",
            "ingress": [
              {
                "cidr_blocks": [
                  "0.0.0.0/0"
                ],
                "description": "",
                "from_port": 22,
                "ipv6_cidr_blocks": [],
                "prefix_list_ids": [],
                "protocol": "tcp",
                "security_groups": [],
                "self": false,
                "to_port": 22
              },
              {
                "cidr_blocks": [],
                "description": "",
                "from_port": 0,
                "ipv6_cidr_blocks": [],
                "prefix_list_ids": [],
                "protocol": "-1",
                "security_groups": [],
                "self": true,
                "to_port": 0
              }
            ],
            "name": "project-3-common",
            "name_prefix": null,
            "owner_id": "172607079965",
            "revoke_rules_on_delete": false,
            "tags": {
              "kubernetes.io/cluster/project-3": "shared"
            },
            "timeouts": null,
            "vpc_id": "vpc-7f730417"
          },
          "private": "eyJlMmJmYjczMC1lY2FhLTExZTYtOGY4OC0zNDM2M2JjN2M0YzAiOnsiY3JlYXRlIjo2MDAwMDAwMDAwMDAsImRlbGV0ZSI6NjAwMDAwMDAwMDAwfSwic2NoZW1hX3ZlcnNpb24iOiIxIn0="
        }
      ]
    },
    {
      "mode": "managed",
      "type": "aws_security_group",
      "name": "control_plane",
      "provider": "provider.aws",
      "instances": [
        {
          "schema_version": 1,
          "attributes": {
            "arn": "arn:aws:ec2:ca-central-1:172607079965:security-group/sg-02e7def3ad1112df0",
            "description": "cluster control_planes",
            "egress": [],
            "id": "sg-02e7def3ad1112df0",
            "ingress": [
              {
                "cidr_blocks": [
                  "0.0.0.0/0"
                ],
                "description": "",
                "from_port": 6443,
                "ipv6_cidr_blocks": [],
                "prefix_list_ids": [],
                "protocol": "tcp",
                "security_groups": [],
                "self": false,
                "to_port": 6443
              }
            ],
            "name": "project-3-control_planes",
            "name_prefix": null,
            "owner_id": "172607079965",
            "revoke_rules_on_delete": false,
            "tags": {
              "kubernetes.io/cluster/project-3": "shared"
            },
            "timeouts": null,
            "vpc_id": "vpc-7f730417"
          },
          "private": "eyJlMmJmYjczMC1lY2FhLTExZTYtOGY4OC0zNDM2M2JjN2M0YzAiOnsiY3JlYXRlIjo2MDAwMDAwMDAwMDAsImRlbGV0ZSI6NjAwMDAwMDAwMDAwfSwic2NoZW1hX3ZlcnNpb24iOiIxIn0="
        }
      ]
    }
  ]
}
